
Microsoft Visual Studio Solution File, Format Version 12.00
# Visual Studio Version 17
VisualStudioVersion = 17.4.33205.214
MinimumVisualStudioVersion = 10.0.40219.1
Project("{9A19103F-16F7-4668-BE54-9A1E7A4F7556}") = "JobPortal", "JobPortal\JobPortal.csproj", "{0F29D59F-C2E8-435D-A146-E423C6585C1E}"
EndProject
Project("{2150E333-8FDC-42A3-9474-1A3956D46DE8}") = "Ecommerce", "Ecommerce", "{44BE57D0-B824-49EA-87C7-E9F2662561DE}"
EndProject
Project("{9A19103F-16F7-4668-BE54-9A1E7A4F7556}") = "ShoppingCart", "ShoppingCart\ShoppingCart.csproj", "{76E5B8CA-EAB7-45C0-A868-4286A7B5C0ED}"
EndProject
Project("{9A19103F-16F7-4668-BE54-9A1E7A4F7556}") = "Models", "Models\Models.csproj", "{76E6255C-0A75-4498-863B-EA626FE34D37}"
EndProject
Project("{9A19103F-16F7-4668-BE54-9A1E7A4F7556}") = "DataAccessLayer", "DataAccessLayer\DataAccessLayer.csproj", "{F30F02AA-C391-426B-9C65-8294151BF885}"
EndProject
Project("{9A19103F-16F7-4668-BE54-9A1E7A4F7556}") = "CommonHelper", "CommonHelper\CommonHelper.csproj", "{218A7363-F3C6-42C0-90C4-C20BFF64CBBF}"
EndProject
Project("{9A19103F-16F7-4668-BE54-9A1E7A4F7556}") = "ASPCORE", "ASPCORE\ASPCORE.csproj", "{02B25EE6-4D4A-404C-A9D0-8EBB1453EB79}"
EndProject
Project("{2150E333-8FDC-42A3-9474-1A3956D46DE8}") = "MyApp", "MyApp", "{D776BBCE-52CA-4676-ACB5-033E9B858609}"
EndProject
Project("{FAE04EC0-301F-11D3-BF4B-00C04F79EFBC}") = "MyApp", "MyApp\MyApp.csproj", "{4E709A49-848F-4357-8C1F-52F71E82C639}"
EndProject
Project("{FAE04EC0-301F-11D3-BF4B-00C04F79EFBC}") = "MyApp.Model", "MyApp.Model\MyApp.Model.csproj", "{C2E6266B-68B4-4239-8C29-804E347FFCBF}"
EndProject
Project("{FAE04EC0-301F-11D3-BF4B-00C04F79EFBC}") = "MyApp.DataAccessLayer", "MyApp.DataAccessLayer\MyApp.DataAccessLayer.csproj", "{926EE6FA-5865-4D64-AAF1-CFEC0F14B7A1}"
EndProject
Project("{FAE04EC0-301F-11D3-BF4B-00C04F79EFBC}") = "MyApp.CommonHelper", "MyApp.CommonHelper\MyApp.CommonHelper.csproj", "{9398980B-12E9-4C8A-82E1-12A5D3865D50}"
EndProject
Global
	GlobalSection(SolutionConfigurationPlatforms) = preSolution
		Debug|Any CPU = Debug|Any CPU
		Release|Any CPU = Release|Any CPU
	EndGlobalSection
	GlobalSection(ProjectConfigurationPlatforms) = postSolution
		{0F29D59F-C2E8-435D-A146-E423C6585C1E}.Debug|Any CPU.ActiveCfg = Debug|Any CPU
		{0F29D59F-C2E8-435D-A146-E423C6585C1E}.Debug|Any CPU.Build.0 = Debug|Any CPU
		{0F29D59F-C2E8-435D-A146-E423C6585C1E}.Release|Any CPU.ActiveCfg = Release|Any CPU
		{0F29D59F-C2E8-435D-A146-E423C6585C1E}.Release|Any CPU.Build.0 = Release|Any CPU
		{76E5B8CA-EAB7-45C0-A868-4286A7B5C0ED}.Debug|Any CPU.ActiveCfg = Debug|Any CPU
		{76E5B8CA-EAB7-45C0-A868-4286A7B5C0ED}.Debug|Any CPU.Build.0 = Debug|Any CPU
		{76E5B8CA-EAB7-45C0-A868-4286A7B5C0ED}.Release|Any CPU.ActiveCfg = Release|Any CPU
		{76E5B8CA-EAB7-45C0-A868-4286A7B5C0ED}.Release|Any CPU.Build.0 = Release|Any CPU
		{76E6255C-0A75-4498-863B-EA626FE34D37}.Debug|Any CPU.ActiveCfg = Debug|Any CPU
		{76E6255C-0A75-4498-863B-EA626FE34D37}.Debug|Any CPU.Build.0 = Debug|Any CPU
		{76E6255C-0A75-4498-863B-EA626FE34D37}.Release|Any CPU.ActiveCfg = Release|Any CPU
		{76E6255C-0A75-4498-863B-EA626FE34D37}.Release|Any CPU.Build.0 = Release|Any CPU
		{F30F02AA-C391-426B-9C65-8294151BF885}.Debug|Any CPU.ActiveCfg = Debug|Any CPU
		{F30F02AA-C391-426B-9C65-8294151BF885}.Debug|Any CPU.Build.0 = Debug|Any CPU
		{F30F02AA-C391-426B-9C65-8294151BF885}.Release|Any CPU.ActiveCfg = Release|Any CPU
		{F30F02AA-C391-426B-9C65-8294151BF885}.Release|Any CPU.Build.0 = Release|Any CPU
		{218A7363-F3C6-42C0-90C4-C20BFF64CBBF}.Debug|Any CPU.ActiveCfg = Debug|Any CPU
		{218A7363-F3C6-42C0-90C4-C20BFF64CBBF}.Debug|Any CPU.Build.0 = Debug|Any CPU
		{218A7363-F3C6-42C0-90C4-C20BFF64CBBF}.Release|Any CPU.ActiveCfg = Release|Any CPU
		{218A7363-F3C6-42C0-90C4-C20BFF64CBBF}.Release|Any CPU.Build.0 = Release|Any CPU
		{02B25EE6-4D4A-404C-A9D0-8EBB1453EB79}.Debug|Any CPU.ActiveCfg = Debug|Any CPU
		{02B25EE6-4D4A-404C-A9D0-8EBB1453EB79}.Debug|Any CPU.Build.0 = Debug|Any CPU
		{02B25EE6-4D4A-404C-A9D0-8EBB1453EB79}.Release|Any CPU.ActiveCfg = Release|Any CPU
		{02B25EE6-4D4A-404C-A9D0-8EBB1453EB79}.Release|Any CPU.Build.0 = Release|Any CPU
		{4E709A49-848F-4357-8C1F-52F71E82C639}.Debug|Any CPU.ActiveCfg = Debug|Any CPU
		{4E709A49-848F-4357-8C1F-52F71E82C639}.Debug|Any CPU.Build.0 = Debug|Any CPU
		{4E709A49-848F-4357-8C1F-52F71E82C639}.Release|Any CPU.ActiveCfg = Release|Any CPU
		{4E709A49-848F-4357-8C1F-52F71E82C639}.Release|Any CPU.Build.0 = Release|Any CPU
		{C2E6266B-68B4-4239-8C29-804E347FFCBF}.Debug|Any CPU.ActiveCfg = Debug|Any CPU
		{C2E6266B-68B4-4239-8C29-804E347FFCBF}.Debug|Any CPU.Build.0 = Debug|Any CPU
		{C2E6266B-68B4-4239-8C29-804E347FFCBF}.Release|Any CPU.ActiveCfg = Release|Any CPU
		{C2E6266B-68B4-4239-8C29-804E347FFCBF}.Release|Any CPU.Build.0 = Release|Any CPU
		{926EE6FA-5865-4D64-AAF1-CFEC0F14B7A1}.Debug|Any CPU.ActiveCfg = Debug|Any CPU
		{926EE6FA-5865-4D64-AAF1-CFEC0F14B7A1}.Debug|Any CPU.Build.0 = Debug|Any CPU
		{926EE6FA-5865-4D64-AAF1-CFEC0F14B7A1}.Release|Any CPU.ActiveCfg = Release|Any CPU
		{926EE6FA-5865-4D64-AAF1-CFEC0F14B7A1}.Release|Any CPU.Build.0 = Release|Any CPU
		{9398980B-12E9-4C8A-82E1-12A5D3865D50}.Debug|Any CPU.ActiveCfg = Debug|Any CPU
		{9398980B-12E9-4C8A-82E1-12A5D3865D50}.Debug|Any CPU.Build.0 = Debug|Any CPU
		{9398980B-12E9-4C8A-82E1-12A5D3865D50}.Release|Any CPU.ActiveCfg = Release|Any CPU
		{9398980B-12E9-4C8A-82E1-12A5D3865D50}.Release|Any CPU.Build.0 = Release|Any CPU
	EndGlobalSection
	GlobalSection(SolutionProperties) = preSolution
		HideSolutionNode = FALSE
	EndGlobalSection
	GlobalSection(NestedProjects) = preSolution
		{76E5B8CA-EAB7-45C0-A868-4286A7B5C0ED} = {44BE57D0-B824-49EA-87C7-E9F2662561DE}
		{76E6255C-0A75-4498-863B-EA626FE34D37} = {44BE57D0-B824-49EA-87C7-E9F2662561DE}
		{F30F02AA-C391-426B-9C65-8294151BF885} = {44BE57D0-B824-49EA-87C7-E9F2662561DE}
		{218A7363-F3C6-42C0-90C4-C20BFF64CBBF} = {44BE57D0-B824-49EA-87C7-E9F2662561DE}
		{4E709A49-848F-4357-8C1F-52F71E82C639} = {D776BBCE-52CA-4676-ACB5-033E9B858609}
		{C2E6266B-68B4-4239-8C29-804E347FFCBF} = {D776BBCE-52CA-4676-ACB5-033E9B858609}
		{926EE6FA-5865-4D64-AAF1-CFEC0F14B7A1} = {D776BBCE-52CA-4676-ACB5-033E9B858609}
		{9398980B-12E9-4C8A-82E1-12A5D3865D50} = {D776BBCE-52CA-4676-ACB5-033E9B858609}
	EndGlobalSection
	GlobalSection(ExtensibilityGlobals) = postSolution
		SolutionGuid = {918D83F4-0726-4F68-89B7-E0BC136F192D}
	EndGlobalSection
EndGlobal
